
Microsoft Visual Studio Solution File, Format Version 12.00
# Visual Studio Version 17
VisualStudioVersion = 17.9.34622.214
MinimumVisualStudioVersion = 10.0.40219.1
Project("{FAE04EC0-301F-11D3-BF4B-00C04F79EFBC}") = "TechHub.QuestionBank", "TeachHub.QuestionBank\TechHub.QuestionBank.csproj", "{976868D2-42DF-E8E0-C5CB-4D04F44C4C58}"
EndProject
Project("{FAE04EC0-301F-11D3-BF4B-00C04F79EFBC}") = "TechHub.Entity.Migration", "TechHub.Entity.Migration\TechHub.Entity.Migration.csproj", "{A8C35B87-9C46-B706-67D1-90C072BC488B}"
EndProject
Project("{FAE04EC0-301F-11D3-BF4B-00C04F79EFBC}") = "TechHub.Core", "TechHub.Core\TechHub.Core.csproj", "{18016FA1-1CBD-C291-A475-8AE11B7F75C0}"
EndProject
Project("{FAE04EC0-301F-11D3-BF4B-00C04F79EFBC}") = "TechhubMS", "TechhubMS\TechhubMS.csproj", "{60547D10-E8E6-1060-D1E1-62C408C44EA2}"
EndProject
Project("{FAE04EC0-301F-11D3-BF4B-00C04F79EFBC}") = "TechHub.Service", "TechHub.Service\TechHub.Service.csproj", "{035D0957-C595-A917-17F1-FA1D8CD62A0C}"
EndProject
Project("{FAE04EC0-301F-11D3-BF4B-00C04F79EFBC}") = "TechHub.Background", "TechHub.Background\TechHub.Background.csproj", "{5694973B-29D5-C2FB-B177-858361F03517}"
EndProject
Global
	GlobalSection(SolutionConfigurationPlatforms) = preSolution
		Debug|Any CPU = Debug|Any CPU
		Release|Any CPU = Release|Any CPU
	EndGlobalSection
	GlobalSection(ProjectConfigurationPlatforms) = postSolution
		{976868D2-42DF-E8E0-C5CB-4D04F44C4C58}.Debug|Any CPU.ActiveCfg = Debug|Any CPU
		{976868D2-42DF-E8E0-C5CB-4D04F44C4C58}.Debug|Any CPU.Build.0 = Debug|Any CPU
		{976868D2-42DF-E8E0-C5CB-4D04F44C4C58}.Release|Any CPU.ActiveCfg = Release|Any CPU
		{976868D2-42DF-E8E0-C5CB-4D04F44C4C58}.Release|Any CPU.Build.0 = Release|Any CPU
		{A8C35B87-9C46-B706-67D1-90C072BC488B}.Debug|Any CPU.ActiveCfg = Debug|Any CPU
		{A8C35B87-9C46-B706-67D1-90C072BC488B}.Debug|Any CPU.Build.0 = Debug|Any CPU
		{A8C35B87-9C46-B706-67D1-90C072BC488B}.Release|Any CPU.ActiveCfg = Release|Any CPU
		{A8C35B87-9C46-B706-67D1-90C072BC488B}.Release|Any CPU.Build.0 = Release|Any CPU
		{18016FA1-1CBD-C291-A475-8AE11B7F75C0}.Debug|Any CPU.ActiveCfg = Debug|Any CPU
		{18016FA1-1CBD-C291-A475-8AE11B7F75C0}.Debug|Any CPU.Build.0 = Debug|Any CPU
		{18016FA1-1CBD-C291-A475-8AE11B7F75C0}.Release|Any CPU.ActiveCfg = Release|Any CPU
		{18016FA1-1CBD-C291-A475-8AE11B7F75C0}.Release|Any CPU.Build.0 = Release|Any CPU
		{60547D10-E8E6-1060-D1E1-62C408C44EA2}.Debug|Any CPU.ActiveCfg = Debug|Any CPU
		{60547D10-E8E6-1060-D1E1-62C408C44EA2}.Debug|Any CPU.Build.0 = Debug|Any CPU
		{60547D10-E8E6-1060-D1E1-62C408C44EA2}.Release|Any CPU.ActiveCfg = Release|Any CPU
		{60547D10-E8E6-1060-D1E1-62C408C44EA2}.Release|Any CPU.Build.0 = Release|Any CPU
		{035D0957-C595-A917-17F1-FA1D8CD62A0C}.Debug|Any CPU.ActiveCfg = Debug|Any CPU
		{035D0957-C595-A917-17F1-FA1D8CD62A0C}.Debug|Any CPU.Build.0 = Debug|Any CPU
		{035D0957-C595-A917-17F1-FA1D8CD62A0C}.Release|Any CPU.ActiveCfg = Release|Any CPU
		{035D0957-C595-A917-17F1-FA1D8CD62A0C}.Release|Any CPU.Build.0 = Release|Any CPU
		{5694973B-29D5-C2FB-B177-858361F03517}.Debug|Any CPU.ActiveCfg = Debug|Any CPU
		{5694973B-29D5-C2FB-B177-858361F03517}.Debug|Any CPU.Build.0 = Debug|Any CPU
		{5694973B-29D5-C2FB-B177-858361F03517}.Release|Any CPU.ActiveCfg = Release|Any CPU
		{5694973B-29D5-C2FB-B177-858361F03517}.Release|Any CPU.Build.0 = Release|Any CPU
	EndGlobalSection
	GlobalSection(SolutionProperties) = preSolution
		HideSolutionNode = FALSE
	EndGlobalSection
	GlobalSection(ExtensibilityGlobals) = postSolution
		SolutionGuid = {1030477C-7097-4D95-97AA-3F6CB60A2FF9}
	EndGlobalSection
EndGlobal
