
Microsoft Visual Studio Solution File, Format Version 12.00
# Visual Studio Version 17
VisualStudioVersion = 17.9.34622.214
MinimumVisualStudioVersion = 10.0.40219.1
Project("{FAE04EC0-301F-11D3-BF4B-00C04F79EFBC}") = "TechHubComm", "TechHubComm.csproj", "{8FBCA31B-8111-48CF-B99F-52A6EEA4F45A}"
EndProject
Global
	GlobalSection(SolutionConfigurationPlatforms) = preSolution
		Debug|Any CPU = Debug|Any CPU
		Release|Any CPU = Release|Any CPU
	EndGlobalSection
	GlobalSection(ProjectConfigurationPlatforms) = postSolution
		{8FBCA31B-8111-48CF-B99F-52A6EEA4F45A}.Debug|Any CPU.ActiveCfg = Debug|Any CPU
		{8FBCA31B-8111-48CF-B99F-52A6EEA4F45A}.Debug|Any CPU.Build.0 = Debug|Any CPU
		{8FBCA31B-8111-48CF-B99F-52A6EEA4F45A}.Release|Any CPU.ActiveCfg = Release|Any CPU
		{8FBCA31B-8111-48CF-B99F-52A6EEA4F45A}.Release|Any CPU.Build.0 = Release|Any CPU
	EndGlobalSection
	GlobalSection(SolutionProperties) = preSolution
		HideSolutionNode = FALSE
	EndGlobalSection
	GlobalSection(ExtensibilityGlobals) = postSolution
		SolutionGuid = {10371A2C-EA4C-4D86-AAD9-4D942329D185}
	EndGlobalSection
EndGlobal
